
Microsoft Visual Studio Solution File, Format Version 12.00
# Visual Studio Version 16
VisualStudioVersion = 16.0.30907.101
MinimumVisualStudioVersion = 10.0.40219.1
Project("{FAE04EC0-301F-11D3-BF4B-00C04F79EFBC}") = "Xdl.Internship.Notifications.ServiceHost", "Xdl.Internship.Notifications.ServiceHost\Xdl.Internship.Notifications.ServiceHost.csproj", "{8268A3F8-742C-4671-8A4F-1E7916CB0460}"
EndProject
Project("{FAE04EC0-301F-11D3-BF4B-00C04F79EFBC}") = "Xdl.Internship.Notifications.SDK", "Xdl.Internship.Notifications.SDK\Xdl.Internship.Notifications.SDK.csproj", "{37D528CF-4C59-4B2C-A5D2-FACF6007B1F0}"
EndProject
Project("{FAE04EC0-301F-11D3-BF4B-00C04F79EFBC}") = "Xdl.Internship.Notifications.Services", "Xdl.Internship.Notifications.Services\Xdl.Internship.Notifications.Services.csproj", "{41CDFD88-C745-48EF-B541-E310E4221D82}"
EndProject
Project("{E53339B2-1760-4266-BCC7-CA923CBCF16C}") = "docker-compose", "docker-compose.dcproj", "{458D20B6-7080-49E5-A245-2C6088CEAE4F}"
EndProject
Global
	GlobalSection(SolutionConfigurationPlatforms) = preSolution
		Debug|Any CPU = Debug|Any CPU
		Release|Any CPU = Release|Any CPU
	EndGlobalSection
	GlobalSection(ProjectConfigurationPlatforms) = postSolution
		{8268A3F8-742C-4671-8A4F-1E7916CB0460}.Debug|Any CPU.ActiveCfg = Debug|Any CPU
		{8268A3F8-742C-4671-8A4F-1E7916CB0460}.Debug|Any CPU.Build.0 = Debug|Any CPU
		{8268A3F8-742C-4671-8A4F-1E7916CB0460}.Release|Any CPU.ActiveCfg = Release|Any CPU
		{8268A3F8-742C-4671-8A4F-1E7916CB0460}.Release|Any CPU.Build.0 = Release|Any CPU
		{37D528CF-4C59-4B2C-A5D2-FACF6007B1F0}.Debug|Any CPU.ActiveCfg = Debug|Any CPU
		{37D528CF-4C59-4B2C-A5D2-FACF6007B1F0}.Debug|Any CPU.Build.0 = Debug|Any CPU
		{37D528CF-4C59-4B2C-A5D2-FACF6007B1F0}.Release|Any CPU.ActiveCfg = Release|Any CPU
		{37D528CF-4C59-4B2C-A5D2-FACF6007B1F0}.Release|Any CPU.Build.0 = Release|Any CPU
		{41CDFD88-C745-48EF-B541-E310E4221D82}.Debug|Any CPU.ActiveCfg = Debug|Any CPU
		{41CDFD88-C745-48EF-B541-E310E4221D82}.Debug|Any CPU.Build.0 = Debug|Any CPU
		{41CDFD88-C745-48EF-B541-E310E4221D82}.Release|Any CPU.ActiveCfg = Release|Any CPU
		{41CDFD88-C745-48EF-B541-E310E4221D82}.Release|Any CPU.Build.0 = Release|Any CPU
		{458D20B6-7080-49E5-A245-2C6088CEAE4F}.Debug|Any CPU.ActiveCfg = Debug|Any CPU
		{458D20B6-7080-49E5-A245-2C6088CEAE4F}.Debug|Any CPU.Build.0 = Debug|Any CPU
		{458D20B6-7080-49E5-A245-2C6088CEAE4F}.Release|Any CPU.ActiveCfg = Release|Any CPU
		{458D20B6-7080-49E5-A245-2C6088CEAE4F}.Release|Any CPU.Build.0 = Release|Any CPU
	EndGlobalSection
	GlobalSection(SolutionProperties) = preSolution
		HideSolutionNode = FALSE
	EndGlobalSection
	GlobalSection(ExtensibilityGlobals) = postSolution
		SolutionGuid = {16DAF600-2917-42AA-861B-8D81FE95F480}
	EndGlobalSection
EndGlobal
