
Microsoft Visual Studio Solution File, Format Version 12.00
# Visual Studio Version 16
VisualStudioVersion = 16.0.30907.101
MinimumVisualStudioVersion = 10.0.40219.1
Project("{FAE04EC0-301F-11D3-BF4B-00C04F79EFBC}") = "ExadelAppWebApi", "ExadelAppWebApi\ExadelAppWebApi.csproj", "{8B6C2A9F-1058-4AC2-BC81-B9A2453E0EE8}"
EndProject
Global
	GlobalSection(SolutionConfigurationPlatforms) = preSolution
		Debug|Any CPU = Debug|Any CPU
		Release|Any CPU = Release|Any CPU
	EndGlobalSection
	GlobalSection(ProjectConfigurationPlatforms) = postSolution
		{8B6C2A9F-1058-4AC2-BC81-B9A2453E0EE8}.Debug|Any CPU.ActiveCfg = Debug|Any CPU
		{8B6C2A9F-1058-4AC2-BC81-B9A2453E0EE8}.Debug|Any CPU.Build.0 = Debug|Any CPU
		{8B6C2A9F-1058-4AC2-BC81-B9A2453E0EE8}.Release|Any CPU.ActiveCfg = Release|Any CPU
		{8B6C2A9F-1058-4AC2-BC81-B9A2453E0EE8}.Release|Any CPU.Build.0 = Release|Any CPU
	EndGlobalSection
	GlobalSection(SolutionProperties) = preSolution
		HideSolutionNode = FALSE
	EndGlobalSection
	GlobalSection(ExtensibilityGlobals) = postSolution
		SolutionGuid = {A5E86C29-18E5-42F9-A89F-5EFA763E2F1F}
	EndGlobalSection
EndGlobal
